{
  "name": "programming_typescript",
  "version": "1.0.0",
  "lockfileVersion": 2,
  "requires": true,
  "packages": {
    "": {
      "version": "1.0.0",
      "license": "ISC",
      "dependencies": {
        "@types/node": "^12.20.14",
        "typescript": "^4.3.2"
      },
      "devDependencies": {}
    },
    "node_modules/@types/node": {
      "version": "12.20.14",
      "resolved": "https://registry.npmjs.org/@types/node/-/node-12.20.14.tgz",
      "integrity": "sha512-iFJOS5Q470FF+r4Ol2pSley7/wCNVqf+jgjhtxLLaJcDs+To2iCxlXIkJXrGLD9w9G/oJ9ibySu7z92DCwr7Pg=="
    },
    "node_modules/typescript": {
      "version": "4.3.2",
      "resolved": "https://registry.npmjs.org/typescript/-/typescript-4.3.2.tgz",
      "integrity": "sha512-zZ4hShnmnoVnAHpVHWpTcxdv7dWP60S2FsydQLV8V5PbS3FifjWFFRiHSWpDJahly88PRyV5teTSLoq4eG7mKw==",
      "bin": {
        "tsc": "bin/tsc",
        "tsserver": "bin/tsserver"
      },
      "engines": {
        "node": ">=4.2.0"
      }
    }
  },
  "dependencies": {
    "@types/node": {
      "version": "12.20.14",
      "resolved": "https://registry.npmjs.org/@types/node/-/node-12.20.14.tgz",
      "integrity": "sha512-iFJOS5Q470FF+r4Ol2pSley7/wCNVqf+jgjhtxLLaJcDs+To2iCxlXIkJXrGLD9w9G/oJ9ibySu7z92DCwr7Pg=="
    },
    "typescript": {
      "version": "4.3.2",
      "resolved": "https://registry.npmjs.org/typescript/-/typescript-4.3.2.tgz",
      "integrity": "sha512-zZ4hShnmnoVnAHpVHWpTcxdv7dWP60S2FsydQLV8V5PbS3FifjWFFRiHSWpDJahly88PRyV5teTSLoq4eG7mKw=="
    }
  }
}
